version = 1
revision = 3
requires-python = ">=3.11"

[[package]]
name = "colorama"
version = "0.4.6"
source = { registry = "https://pypi.org/simple" }
sdist = { url = "https://files.pythonhosted.org/packages/d8/53/6f443c9a4a8358a93a6792e2acffb9d9d5cb0a5cfd8802644b7b1c9a02e4/colorama-0.4.6.tar.gz", hash = "sha256:08695f5cb7ed6e0531a20572697297273c47b8cae5a63ffc6d6ed5c201be6e44", size = 27697, upload-time = "2022-10-25T02:36:22.414Z" }
wheels = [
    { url = "https://files.pythonhosted.org/packages/d1/d6/3965ed04c63042e047cb6a3e6ed1a63a35087b6a609aa3a15ed8ac56c221/colorama-0.4.6-py2.py3-none-any.whl", hash = "sha256:4f1d9991f5acc0ca119f9d443620b77f9d6b33703e51011c16baf57afb285fc6", size = 25335, upload-time = "2022-10-25T02:36:20.889Z" },
]

[[package]]
name = "iniconfig"
version = "2.3.0"
source = { registry = "https://pypi.org/simple" }
sdist = { url = "https://files.pythonhosted.org/packages/72/34/14ca021ce8e5dfedc35312d08ba8bf51fdd999c576889fc2c24cb97f4f10/iniconfig-2.3.0.tar.gz", hash = "sha256:c76315c77db068650d49c5b56314774a7804df16fee4402c1f19d6d15d8c4730", size = 20503, upload-time = "2025-10-18T21:55:43.219Z" }
wheels = [
    { url = "https://files.pythonhosted.org/packages/cb/b1/3846dd7f199d53cb17f49cba7e651e9ce294d8497c8c150530ed11865bb8/iniconfig-2.3.0-py3-none-any.whl", hash = "sha256:f631c04d2c48c52b84d0d0549c99ff3859c98df65b3101406327ecc7d53fbf12", size = 7484, upload-time = "2025-10-18T21:55:41.639Z" },
]

[[package]]
name = "lmdb"
version = "2.3.0"
source = { registry = "https://pypi.org/simple" }
sdist = { url = "https://files.pythonhosted.org/packages/aa/0b/17f271b2d2d314da9c9bc7620676ede1feca5f565f3a46045319351f7bc2/lmdb-2.3.0.tar.gz", hash = "sha256:260f443640ee2da3cfd059a84258659319ff39ca912c16bf9748c324076b9d09", size = 954381, upload-time = "2026-07-12T15:46:30.534Z" }
wheels = [
    { url = "https://files.pythonhosted.org/packages/b0/63/176e0b81d24685ea3c6f90400dbac6537df70d8142cafd0e944aa1e642af/lmdb-2.3.0-cp311-cp311-macosx_10_9_x86_64.whl", hash = "sha256:8e0565381d748bd7b1730155ed172a42c49e7d37b60f3db0ad34b8c7ffa72a7a", size = 119191, upload-time = "2026-07-12T15:45:51.571Z" },
    { url = "https://files.pythonhosted.org/packages/06/b5/67fc45eb4a92d6ef67bd2783c3071316230c86214700dae26edbff7df791/lmdb-2.3.0-cp311-cp311-macosx_11_0_arm64.whl", hash = "sha256:51432a1bbd55aa207b91962afc0e0a203c28c654b68d08ee3f240184a718b6ea", size = 119380, upload-time = "2026-07-12T15:45:52.791Z" },
    { url = "https://files.pythonhosted.org/packages/22/87/1862e0e456b0876d31a1dc7406163b8561040aa278e6c8807394ab44d27c/lmdb-2.3.0-cp311-cp311-manylinux2014_aarch64.manylinux_2_17_aarch64.manylinux_2_28_aarch64.whl", hash = "sha256:99d24ad79cdf689169de30d1f15a17b598fcc17bcf076a83ea0f50039952ee36", size = 334746, upload-time = "2026-07-12T15:45:54.115Z" },
    { url = "https://files.pythonhosted.org/packages/8d/9d/1a80616890a1f33295054d281dda60f4c851910807aed7d6261a377b8188/lmdb-2.3.0-cp311-cp311-manylinux2014_x86_64.manylinux_2_17_x86_64.manylinux_2_28_x86_64.whl", hash = "sha256:4d0019870b5b93b2160fc324a609ffee1447024b2b8ce0da3b3f2f04b0131870", size = 336974, upload-time = "2026-07-12T15:45:55.43Z" },
    { url = "https://files.pythonhosted.org/packages/96/17/c510686a75ff7c2eb25a3909d856f925437df4468e6e4b151b01ccf60768/lmdb-2.3.0-cp311-cp311-win_amd64.whl", hash = "sha256:abb42e1fa437c59a8f55aeb11a86639ae14edcabfe97f1ac227a9ededd3b4e47", size = 115267, upload-time = "2026-07-12T15:45:56.894Z" },
    { url = "https://files.pythonhosted.org/packages/98/f9/d884fd81b21c8b80706b53a1a1faabcc92e7672081bc8fbec2c802372836/lmdb-2.3.0-cp311-cp311-win_arm64.whl", hash = "sha256:0b704763ec2b1dc9b73020311ab4be196da84f0fac637b1fb2e38d95b57a1b80", size = 114415, upload-time = "2026-07-12T15:45:58.023Z" },
    { url = "https://files.pythonhosted.org/packages/60/0e/f47e1cc957df2394525bb9dd7e5a99753791cb379860f20823ce9752bf69/lmdb-2.3.0-cp312-cp312-macosx_10_13_x86_64.whl", hash = "sha256:bf3c116a1887d5c4d40b2126dee5dab5407a3eb2df0eb98c0c58a922ab29dc6d", size = 119965, upload-time = "2026-07-12T15:45:59.254Z" },
    { url = "https://files.pythonhosted.org/packages/20/7d/7b08cfb872a2df7ab2892ff4012fdbe037017e33c4c65192dfd8b143a220/lmdb-2.3.0-cp312-cp312-macosx_11_0_arm64.whl", hash = "sha256:b21f095735a79a2192d92a23a5d876b3779a33eea61bb09bec858178890c5215", size = 119657, upload-time = "2026-07-12T15:46:00.368Z" },
    { url = "https://files.pythonhosted.org/packages/dd/c1/215c43bb15e324a08af1f1536063fbcc388f4546ab3616fbe22d4b01b001/lmdb-2.3.0-cp312-cp312-manylinux2014_aarch64.manylinux_2_17_aarch64.manylinux_2_28_aarch64.whl", hash = "sha256:841f1a33cc00b9e6ecbe6b8264068f1e853eb3004fc810290ce82847c8a2dc8b", size = 341726, upload-time = "2026-07-12T15:46:01.694Z" },
    { url = "https://files.pythonhosted.org/packages/a5/66/4978af32c9a1da70af4dc83460ef75e85ee0cf0735b934b520b4e96d0aec/lmdb-2.3.0-cp312-cp312-manylinux2014_x86_64.manylinux_2_17_x86_64.manylinux_2_28_x86_64.whl", hash = "sha256:1c53bf2c1d0a03cf9ebb8caf48531f2a33313c5580af82ba4260b1e7fa52c857", size = 344652, upload-time = "2026-07-12T15:46:03.033Z" },
    { url = "https://files.pythonhosted.org/packages/95/03/a10dbc22a54a6aa46446e5fbb825dde736200726f3746809076928754332/lmdb-2.3.0-cp312-cp312-win_amd64.whl", hash = "sha256:131ea41c72e387715141cbf240648337f59b717c0a01655f6fd78315fea60afe", size = 115188, upload-time = "2026-07-12T15:46:04.138Z" },
    { url = "https://files.pythonhosted.org/packages/83/e1/aab2adeca8db524267c5a1cf798cf9edab65890ee551076db869a96ab0f6/lmdb-2.3.0-cp312-cp312-win_arm64.whl", hash = "sha256:9976c945c6957866a0dd8395057af29a1e6927396c8304948c60e684b6a4f6b8", size = 114439, upload-time = "2026-07-12T15:46:05.298Z" },
    { url = "https://files.pythonhosted.org/packages/8b/e8/d8594c13c81652d313e5df0cbade98a3fa47de6c14e46aec5eed02a2ca5c/lmdb-2.3.0-cp313-cp313-macosx_10_13_x86_64.whl", hash = "sha256:93de120dec1ec982b80852c958d11242b78c0972a526a839cc5a65b44d22c8f7", size = 120486, upload-time = "2026-07-12T15:46:06.493Z" },
    { url = "https://files.pythonhosted.org/packages/d7/d3/c91996eb4ffeb1537710c4bf3492249b01abd56c75ec34a5b2179de4b91b/lmdb-2.3.0-cp313-cp313-macosx_11_0_arm64.whl", hash = "sha256:d94cd8515ea767115ac2ee302ae83cde3843425901fdc3bfa9fb08980299c023", size = 120032, upload-time = "2026-07-12T15:46:07.718Z" },
    { url = "https://files.pythonhosted.org/packages/b2/0f/536d296dd90418533ccd277a20836c753f2f51d127a6e32e53c8653fbd45/lmdb-2.3.0-cp313-cp313-manylinux2014_aarch64.manylinux_2_17_aarch64.manylinux_2_28_aarch64.whl", hash = "sha256:1633f4700664436f2d71bb029bce9bdcaedcd2294c97ba853c6870c973de0bdd", size = 344681, upload-time = "2026-07-12T15:46:09.017Z" },
    { url = "https://files.pythonhosted.org/packages/79/45/1dc1ff9c998d08051728fef5f60eb31f8f9294a7bd80a786a6ae6917f2db/lmdb-2.3.0-cp313-cp313-manylinux2014_x86_64.manylinux_2_17_x86_64.manylinux_2_28_x86_64.whl", hash = "sha256:f8d815c4f1ad38d048efeee395c935b8839ed244a1d74526c83e31c05faab3ec", size = 346786, upload-time = "2026-07-12T15:46:10.535Z" },
    { url = "https://files.pythonhosted.org/packages/f3/d4/1bd0b10a0d7408f2d6a4c49be9176287bdccc8c3951a96abfd8f61eb5ec1/lmdb-2.3.0-cp313-cp313-win_amd64.whl", hash = "sha256:f45e10949d0fc7a0cc4bc9b3bfe34d824b5a71330312289e43dc2638c26a9f13", size = 115087, upload-time = "2026-07-12T15:46:11.779Z" },
    { url = "https://files.pythonhosted.org/packages/80/f9/a4d82dedaf2a9090bb44c5ab300158a22f4c26a30355c7ffb40f52503bc6/lmdb-2.3.0-cp313-cp313-win_arm64.whl", hash = "sha256:de099ca35b010fd0c5eed957e7ffda0aee32639fb7d12c0dadbb850be9c62dee", size = 114437, upload-time = "2026-07-12T15:46:12.867Z" },
    { url = "https://files.pythonhosted.org/packages/94/6c/0c582a5c1333836ca990e81449494cea45f0a87946e05ca6291284a48eeb/lmdb-2.3.0-cp314-cp314-macosx_10_15_x86_64.whl", hash = "sha256:6369469befaf66ac8d599d0627e5190147eea2d81b735c6c5e64e8b629b1f10f", size = 120656, upload-time = "2026-07-12T15:46:14.075Z" },
    { url = "https://files.pythonhosted.org/packages/d4/02/4d9332c1c0914578de46b0b0e7e29b0f5a551b6221d7333add33f20aa843/lmdb-2.3.0-cp314-cp314-macosx_11_0_arm64.whl", hash = "sha256:42c616d283be4c370d0cf89c83f0b6da77667f9edda62741f4b8bad95c9ba056", size = 120040, upload-time = "2026-07-12T15:46:15.24Z" },
    { url = "https://files.pythonhosted.org/packages/32/ff/0f6b3ac56e1ddcf2bad89b76608d6c1200b9e1c432739a9b6155965e3e3e/lmdb-2.3.0-cp314-cp314-manylinux2014_aarch64.manylinux_2_17_aarch64.manylinux_2_28_aarch64.whl", hash = "sha256:90b96fec0ef2d6ecfd225b9b10020b819699bf0e214ebe635f224d5cced20cf7", size = 344674, upload-time = "2026-07-12T15:46:16.441Z" },
    { url = "https://files.pythonhosted.org/packages/66/0d/81df0bb4297a549d2cfc0c658f321d15a47f460f4f9c0331b5ead2fcb366/lmdb-2.3.0-cp314-cp314-manylinux2014_x86_64.manylinux_2_17_x86_64.manylinux_2_28_x86_64.whl", hash = "sha256:5cbf2f5eaf3db866345cb1139e0c6fef873a3c0758f01915ba6ed6ba12b24fe0", size = 346381, upload-time = "2026-07-12T15:46:17.682Z" },
    { url = "https://files.pythonhosted.org/packages/3d/96/9e5b9eb951751f50931a0a8d4bb5d3ccda7ad5e377c8743a0846c14ce11b/lmdb-2.3.0-cp314-cp314-win_amd64.whl", hash = "sha256:83225e119c799c911295d5a6f83bf25e52746609fd6907fc95bb8ae9d0f5a6d0", size = 116721, upload-time = "2026-07-12T15:46:19.057Z" },
    { url = "https://files.pythonhosted.org/packages/69/72/35ae2ebdf91e084857ec7f162397f2fd10feccac9b770e3f7d83c005d9be/lmdb-2.3.0-cp314-cp314-win_arm64.whl", hash = "sha256:40ebeea45a92dfd5b67bf47fc66b5b026cf19e365ac9bab3a3140b6b1b9766f6", size = 116812, upload-time = "2026-07-12T15:46:20.132Z" },
]

[[package]]
name = "packaging"
version = "26.3"
source = { registry = "https://pypi.org/simple" }
sdist = { url = "https://files.pythonhosted.org/packages/7d/fa/3944b40b07da9ce895c0e6303a5ab7d53da063554f534556b134a54d6093/packaging-26.3.tar.gz", hash = "sha256:94edc256424af38762eb31306eed28beb9f0efc50a8837492c9d6fd6004aed79", size = 313412, upload-time = "2026-08-04T18:15:28.737Z" }
wheels = [
    { url = "https://files.pythonhosted.org/packages/63/34/ba1c580383c9eada3711951fef0795c80b829a078d72188184bcab9dd527/packaging-26.3-py3-none-any.whl", hash = "sha256:d7193f7c8e4e93f444fde0262bf90af30e16fa0ad0ad44cb553c87339b23cd1c", size = 129956, upload-time = "2026-08-04T18:15:27.159Z" },
]

[[package]]
name = "pluggy"
version = "1.6.0"
source = { registry = "https://pypi.org/simple" }
sdist = { url = "https://files.pythonhosted.org/packages/f9/e2/3e91f31a7d2b083fe6ef3fa267035b518369d9511ffab804f839851d2779/pluggy-1.6.0.tar.gz", hash = "sha256:7dcc130b76258d33b90f61b658791dede3486c3e6bfb003ee5c9bfb396dd22f3", size = 69412, upload-time = "2025-05-15T12:30:07.975Z" }
wheels = [
    { url = "https://files.pythonhosted.org/packages/54/20/4d324d65cc6d9205fabedc306948156824eb9f0ee1633355a8f7ec5c66bf/pluggy-1.6.0-py3-none-any.whl", hash = "sha256:e920276dd6813095e9377c0bc5566d94c932c33b27a3e3945d8389c374dd4746", size = 20538, upload-time = "2025-05-15T12:30:06.134Z" },
]

[[package]]
name = "pygments"
version = "2.20.0"
source = { registry = "https://pypi.org/simple" }
sdist = { url = "https://files.pythonhosted.org/packages/c3/b2/bc9c9196916376152d655522fdcebac55e66de6603a76a02bca1b6414f6c/pygments-2.20.0.tar.gz", hash = "sha256:6757cd03768053ff99f3039c1a36d6c0aa0b263438fcab17520b30a303a82b5f", size = 4955991, upload-time = "2026-03-29T13:29:33.898Z" }
wheels = [
    { url = "https://files.pythonhosted.org/packages/f4/7e/a72dd26f3b0f4f2bf1dd8923c85f7ceb43172af56d63c7383eb62b332364/pygments-2.20.0-py3-none-any.whl", hash = "sha256:81a9e26dd42fd28a23a2d169d86d7ac03b46e2f8b59ed4698fb4785f946d0176", size = 1231151, upload-time = "2026-03-29T13:29:30.038Z" },
]

[[package]]
name = "pytest"
version = "8.4.2"
source = { registry = "https://pypi.org/simple" }
dependencies = [
    { name = "colorama", marker = "sys_platform == 'win32'" },
    { name = "iniconfig" },
    { name = "packaging" },
    { name = "pluggy" },
    { name = "pygments" },
]
sdist = { url = "https://files.pythonhosted.org/packages/a3/5c/00a0e072241553e1a7496d638deababa67c5058571567b92a7eaa258397c/pytest-8.4.2.tar.gz", hash = "sha256:86c0d0b93306b961d58d62a4db4879f27fe25513d4b969df351abdddb3c30e01", size = 1519618, upload-time = "2025-09-04T14:34:22.711Z" }
wheels = [
    { url = "https://files.pythonhosted.org/packages/a8/a4/20da314d277121d6534b3a980b29035dcd51e6744bd79075a6ce8fa4eb8d/pytest-8.4.2-py3-none-any.whl", hash = "sha256:872f880de3fc3a5bdc88a11b39c9710c3497a547cfa9320bc3c5e62fbf272e79", size = 365750, upload-time = "2025-09-04T14:34:20.226Z" },
]

[[package]]
name = "smoldb"
version = "0.1.0"
source = { editable = "." }
dependencies = [
    { name = "lmdb" },
]

[package.optional-dependencies]
dev = [
    { name = "pytest" },
]

[package.metadata]
requires-dist = [
    { name = "lmdb", specifier = ">=2.3.0,<3" },
    { name = "pytest", marker = "extra == 'dev'", specifier = ">=8,<9" },
]
provides-extras = ["dev"]
